
Microsoft Visual Studio Solution File, Format Version 12.00
# Visual Studio Express 2012 for Windows Desktop
Project("{FAE04EC0-301F-11D3-BF4B-00C04F79EFBC}") = "Server", "Server\Server.csproj", "{380F4DDE-E7C3-4B05-B106-DF5FB9A530DC}"
EndProject
Global
	GlobalSection(SolutionConfigurationPlatforms) = preSolution
		Debug|Any CPU = Debug|Any CPU
		Release|Any CPU = Release|Any CPU
	EndGlobalSection
	GlobalSection(ProjectConfigurationPlatforms) = postSolution
		{380F4DDE-E7C3-4B05-B106-DF5FB9A530DC}.Debug|Any CPU.ActiveCfg = Debug|Any CPU
		{380F4DDE-E7C3-4B05-B106-DF5FB9A530DC}.Debug|Any CPU.Build.0 = Debug|Any CPU
		{380F4DDE-E7C3-4B05-B106-DF5FB9A530DC}.Release|Any CPU.ActiveCfg = Release|Any CPU
		{380F4DDE-E7C3-4B05-B106-DF5FB9A530DC}.Release|Any CPU.Build.0 = Release|Any CPU
	EndGlobalSection
	GlobalSection(SolutionProperties) = preSolution
		HideSolutionNode = FALSE
	EndGlobalSection
EndGlobal
